// !$*UTF8*$!
{
	archiveVersion = 1;
	classes = {
	};
	objectVersion = 55;
	objects = {

/* Begin PBXBuildFile section */
		123CA3F6275FD15300E647C1 /* AppDelegate.swift in Sources */ = {isa = PBXBuildFile; fileRef = 123CA3F5275FD15300E647C1 /* AppDelegate.swift */; };
		123CA3F8275FD15300E647C1 /* SceneDelegate.swift in Sources */ = {isa = PBXBuildFile; fileRef = 123CA3F7275FD15300E647C1 /* SceneDelegate.swift */; };
		123CA3FA275FD15300E647C1 /* ViewController.swift in Sources */ = {isa = PBXBuildFile; fileRef = 123CA3F9275FD15300E647C1 /* ViewController.swift */; };
		123CA3FD275FD15300E647C1 /* Main.storyboard in Resources */ = {isa = PBXBuildFile; fileRef = 123CA3FB275FD15300E647C1 /* Main.storyboard */; };
		123CA3FF275FD15500E647C1 /* Assets.xcassets in Resources */ = {isa = PBXBuildFile; fileRef = 123CA3FE275FD15500E647C1 /* Assets.xcassets */; };
		123CA402275FD15500E647C1 /* LaunchScreen.storyboard in Resources */ = {isa = PBXBuildFile; fileRef = 123CA400275FD15500E647C1 /* LaunchScreen.storyboard */; };
		123CA40E275FD21300E647C1 /* Account.swift in Sources */ = {isa = PBXBuildFile; fileRef = 123CA40D275FD21300E647C1 /* Account.swift */; };
/* End PBXBuildFile section */

/* Begin PBXFileReference section */
		123CA3F2275FD15300E647C1 /* client-server-1788.app */ = {isa = PBXFileReference; explicitFileType = wrapper.application; includeInIndex = 0; path = "client-server-1788.app"; sourceTree = BUILT_PRODUCTS_DIR; };
		123CA3F5275FD15300E647C1 /* AppDelegate.swift */ = {isa = PBXFileReference; lastKnownFileType = sourcecode.swift; path = AppDelegate.swift; sourceTree = "<group>"; };
		123CA3F7275FD15300E647C1 /* SceneDelegate.swift */ = {isa = PBXFileReference; lastKnownFileType = sourcecode.swift; path = SceneDelegate.swift; sourceTree = "<group>"; };
		123CA3F9275FD15300E647C1 /* ViewController.swift */ = {isa = PBXFileReference; lastKnownFileType = sourcecode.swift; path = ViewController.swift; sourceTree = "<group>"; };
		123CA3FC275FD15300E647C1 /* Base */ = {isa = PBXFileReference; lastKnownFileType = file.storyboard; name = Base; path = Base.lproj/Main.storyboard; sourceTree = "<group>"; };
		123CA3FE275FD15500E647C1 /* Assets.xcassets */ = {isa = PBXFileReference; lastKnownFileType = folder.assetcatalog; path = Assets.xcassets; sourceTree = "<group>"; };
		123CA401275FD15500E647C1 /* Base */ = {isa = PBXFileReference; lastKnownFileType = file.storyboard; name = Base; path = Base.lproj/LaunchScreen.storyboard; sourceTree = "<group>"; };
		123CA403275FD15500E647C1 /* Info.plist */ = {isa = PBXFileReference; lastKnownFileType = text.plist.xml; path = Info.plist; sourceTree = "<group>"; };
		123CA40D275FD21300E647C1 /* Account.swift */ = {isa = PBXFileReference; lastKnownFileType = sourcecode.swift; path = Account.swift; sourceTree = "<group>"; };
/* End PBXFileReference section */

/* Begin PBXFrameworksBuildPhase section */
		123CA3EF275FD15300E647C1 /* Frameworks */ = {
			isa = PBXFrameworksBuildPhase;
			buildActionMask = 2147483647;
			files = (
			);
			runOnlyForDeploymentPostprocessing = 0;
		};
/* End PBXFrameworksBuildPhase section */

/* Begin PBXGroup section */
		123CA3E9275FD15300E647C1 = {
			isa = PBXGroup;
			children = (
				123CA3F4275FD15300E647C1 /* client-server-1788 */,
				123CA3F3275FD15300E647C1 /* Products */,
			);
			sourceTree = "<group>";
		};
		123CA3F3275FD15300E647C1 /* Products */ = {
			isa = PBXGroup;
			children = (
				123CA3F2275FD15300E647C1 /* client-server-1788.app */,
			);
			name = Products;
			sourceTree = "<group>";
		};
		123CA3F4275FD15300E647C1 /* client-server-1788 */ = {
			isa = PBXGroup;
			children = (
				123CA409275FD16200E647C1 /* App */,
				123CA40A275FD17000E647C1 /* client-server */,
				123CA40B275FD18100E647C1 /* Resources */,
			);
			path = "client-server-1788";
			sourceTree = "<group>";
		};
		123CA409275FD16200E647C1 /* App */ = {
			isa = PBXGroup;
			children = (
				123CA3F5275FD15300E647C1 /* AppDelegate.swift */,
				123CA3F7275FD15300E647C1 /* SceneDelegate.swift */,
			);
			path = App;
			sourceTree = "<group>";
		};
		123CA40A275FD17000E647C1 /* client-server */ = {
			isa = PBXGroup;
			children = (
				123CA40C275FD1FD00E647C1 /* Lesson-1 */,
			);
			path = "client-server";
			sourceTree = "<group>";
		};
		123CA40B275FD18100E647C1 /* Resources */ = {
			isa = PBXGroup;
			children = (
				123CA3FB275FD15300E647C1 /* Main.storyboard */,
				123CA3FE275FD15500E647C1 /* Assets.xcassets */,
				123CA400275FD15500E647C1 /* LaunchScreen.storyboard */,
				123CA403275FD15500E647C1 /* Info.plist */,
			);
			path = Resources;
			sourceTree = "<group>";
		};
		123CA40C275FD1FD00E647C1 /* Lesson-1 */ = {
			isa = PBXGroup;
			children = (
				123CA3F9275FD15300E647C1 /* ViewController.swift */,
				123CA40D275FD21300E647C1 /* Account.swift */,
			);
			path = "Lesson-1";
			sourceTree = "<group>";
		};
/* End PBXGroup section */

/* Begin PBXNativeTarget section */
		123CA3F1275FD15300E647C1 /* client-server-1788 */ = {
			isa = PBXNativeTarget;
			buildConfigurationList = 123CA406275FD15500E647C1 /* Build configuration list for PBXNativeTarget "client-server-1788" */;
			buildPhases = (
				123CA3EE275FD15300E647C1 /* Sources */,
				123CA3EF275FD15300E647C1 /* Frameworks */,
				123CA3F0275FD15300E647C1 /* Resources */,
			);
			buildRules = (
			);
			dependencies = (
			);
			name = "client-server-1788";
			productName = "client-server-1788";
			productReference = 123CA3F2275FD15300E647C1 /* client-server-1788.app */;
			productType = "com.apple.product-type.application";
		};
/* End PBXNativeTarget section */

/* Begin PBXProject section */
		123CA3EA275FD15300E647C1 /* Project object */ = {
			isa = PBXProject;
			attributes = {
				BuildIndependentTargetsInParallel = 1;
				LastSwiftUpdateCheck = 1310;
				LastUpgradeCheck = 1310;
				TargetAttributes = {
					123CA3F1275FD15300E647C1 = {
						CreatedOnToolsVersion = 13.1;
					};
				};
			};
			buildConfigurationList = 123CA3ED275FD15300E647C1 /* Build configuration list for PBXProject "client-server-1788" */;
			compatibilityVersion = "Xcode 13.0";
			developmentRegion = en;
			hasScannedForEncodings = 0;
			knownRegions = (
				en,
				Base,
			);
			mainGroup = 123CA3E9275FD15300E647C1;
			productRefGroup = 123CA3F3275FD15300E647C1 /* Products */;
			projectDirPath = "";
			projectRoot = "";
			targets = (
				123CA3F1275FD15300E647C1 /* client-server-1788 */,
			);
		};
/* End PBXProject section */

/* Begin PBXResourcesBuildPhase section */
		123CA3F0275FD15300E647C1 /* Resources */ = {
			isa = PBXResourcesBuildPhase;
			buildActionMask = 2147483647;
			files = (
				123CA402275FD15500E647C1 /* LaunchScreen.storyboard in Resources */,
				123CA3FF275FD15500E647C1 /* Assets.xcassets in Resources */,
				123CA3FD275FD15300E647C1 /* Main.storyboard in Resources */,
			);
			runOnlyForDeploymentPostprocessing = 0;
		};
/* End PBXResourcesBuildPhase section */

/* Begin PBXSourcesBuildPhase section */
		123CA3EE275FD15300E647C1 /* Sources */ = {
			isa = PBXSourcesBuildPhase;
			buildActionMask = 2147483647;
			files = (
				123CA3FA275FD15300E647C1 /* ViewController.swift in Sources */,
				123CA40E275FD21300E647C1 /* Account.swift in Sources */,
				123CA3F6275FD15300E647C1 /* AppDelegate.swift in Sources */,
				123CA3F8275FD15300E647C1 /* SceneDelegate.swift in Sources */,
			);
			runOnlyForDeploymentPostprocessing = 0;
		};
/* End PBXSourcesBuildPhase section */

/* Begin PBXVariantGroup section */
		123CA3FB275FD15300E647C1 /* Main.storyboard */ = {
			isa = PBXVariantGroup;
			children = (
				123CA3FC275FD15300E647C1 /* Base */,
			);
			name = Main.storyboard;
			sourceTree = "<group>";
		};
		123CA400275FD15500E647C1 /* LaunchScreen.storyboard */ = {
			isa = PBXVariantGroup;
			children = (
				123CA401275FD15500E647C1 /* Base */,
			);
			name = LaunchScreen.storyboard;
			sourceTree = "<group>";
		};
/* End PBXVariantGroup section */

/* Begin XCBuildConfiguration section */
		123CA404275FD15500E647C1 /* Debug */ = {
			isa = XCBuildConfiguration;
			buildSettings = {
				ALWAYS_SEARCH_USER_PATHS = NO;
				CLANG_ANALYZER_NONNULL = YES;
				CLANG_ANALYZER_NUMBER_OBJECT_CONVERSION = YES_AGGRESSIVE;
				CLANG_CXX_LANGUAGE_STANDARD = "gnu++17";
				CLANG_CXX_LIBRARY = "libc++";
				CLANG_ENABLE_MODULES = YES;
				CLANG_ENABLE_OBJC_ARC = YES;
				CLANG_ENABLE_OBJC_WEAK = YES;
				CLANG_WARN_BLOCK_CAPTURE_AUTORELEASING = YES;
				CLANG_WARN_BOOL_CONVERSION = YES;
				CLANG_WARN_COMMA = YES;
				CLANG_WARN_CONSTANT_CONVERSION = YES;
				CLANG_WARN_DEPRECATED_OBJC_IMPLEMENTATIONS = YES;
				CLANG_WARN_DIRECT_OBJC_ISA_USAGE = YES_ERROR;
				CLANG_WARN_DOCUMENTATION_COMMENTS = YES;
				CLANG_WARN_EMPTY_BODY = YES;
				CLANG_WARN_ENUM_CONVERSION = YES;
				CLANG_WARN_INFINITE_RECURSION = YES;
				CLANG_WARN_INT_CONVERSION = YES;
				CLANG_WARN_NON_LITERAL_NULL_CONVERSION = YES;
				CLANG_WARN_OBJC_IMPLICIT_RETAIN_SELF = YES;
				CLANG_WARN_OBJC_LITERAL_CONVERSION = YES;
				CLANG_WARN_OBJC_ROOT_CLASS = YES_ERROR;
				CLANG_WARN_QUOTED_INCLUDE_IN_FRAMEWORK_HEADER = YES;
				CLANG_WARN_RANGE_LOOP_ANALYSIS = YES;
				CLANG_WARN_STRICT_PROTOTYPES = YES;
				CLANG_WARN_SUSPICIOUS_MOVE = YES;
				CLANG_WARN_UNGUARDED_AVAILABILITY = YES_AGGRESSIVE;
				CLANG_WARN_UNREACHABLE_CODE = YES;
				CLANG_WARN__DUPLICATE_METHOD_MATCH = YES;
				COPY_PHASE_STRIP = NO;
				DEBUG_INFORMATION_FORMAT = dwarf;
				ENABLE_STRICT_OBJC_MSGSEND = YES;
				ENABLE_TESTABILITY = YES;
				GCC_C_LANGUAGE_STANDARD = gnu11;
				GCC_DYNAMIC_NO_PIC = NO;
				GCC_NO_COMMON_BLOCKS = YES;
				GCC_OPTIMIZATION_LEVEL = 0;
				GCC_PREPROCESSOR_DEFINITIONS = (
					"DEBUG=1",
					"$(inherited)",
				);
				GCC_WARN_64_TO_32_BIT_CONVERSION = YES;
				GCC_WARN_ABOUT_RETURN_TYPE = YES_ERROR;
				GCC_WARN_UNDECLARED_SELECTOR = YES;
				GCC_WARN_UNINITIALIZED_AUTOS = YES_AGGRESSIVE;
				GCC_WARN_UNUSED_FUNCTION = YES;
				GCC_WARN_UNUSED_VARIABLE = YES;
				IPHONEOS_DEPLOYMENT_TARGET = 15.0;
				MTL_ENABLE_DEBUG_INFO = INCLUDE_SOURCE;
				MTL_FAST_MATH = YES;
				ONLY_ACTIVE_ARCH = YES;
				SDKROOT = iphoneos;
				SWIFT_ACTIVE_COMPILATION_CONDITIONS = DEBUG;
				SWIFT_OPTIMIZATION_LEVEL = "-Onone";
			};
			name = Debug;
		};
		123CA405275FD15500E647C1 /* Release */ = {
			isa = XCBuildConfiguration;
			buildSettings = {
				ALWAYS_SEARCH_USER_PATHS = NO;
				CLANG_ANALYZER_NONNULL = YES;
				CLANG_ANALYZER_NUMBER_OBJECT_CONVERSION = YES_AGGRESSIVE;
				CLANG_CXX_LANGUAGE_STANDARD = "gnu++17";
				CLANG_CXX_LIBRARY = "libc++";
				CLANG_ENABLE_MODULES = YES;
				CLANG_ENABLE_OBJC_ARC = YES;
				CLANG_ENABLE_OBJC_WEAK = YES;
				CLANG_WARN_BLOCK_CAPTURE_AUTORELEASING = YES;
				CLANG_WARN_BOOL_CONVERSION = YES;
				CLANG_WARN_COMMA = YES;
				CLANG_WARN_CONSTANT_CONVERSION = YES;
				CLANG_WARN_DEPRECATED_OBJC_IMPLEMENTATIONS = YES;
				CLANG_WARN_DIRECT_OBJC_ISA_USAGE = YES_ERROR;
				CLANG_WARN_DOCUMENTATION_COMMENTS = YES;
				CLANG_WARN_EMPTY_BODY = YES;
				CLANG_WARN_ENUM_CONVERSION = YES;
				CLANG_WARN_INFINITE_RECURSION = YES;
				CLANG_WARN_INT_CONVERSION = YES;
				CLANG_WARN_NON_LITERAL_NULL_CONVERSION = YES;
				CLANG_WARN_OBJC_IMPLICIT_RETAIN_SELF = YES;
				CLANG_WARN_OBJC_LITERAL_CONVERSION = YES;
				CLANG_WARN_OBJC_ROOT_CLASS = YES_ERROR;
				CLANG_WARN_QUOTED_INCLUDE_IN_FRAMEWORK_HEADER = YES;
				CLANG_WARN_RANGE_LOOP_ANALYSIS = YES;
				CLANG_WARN_STRICT_PROTOTYPES = YES;
				CLANG_WARN_SUSPICIOUS_MOVE = YES;
				CLANG_WARN_UNGUARDED_AVAILABILITY = YES_AGGRESSIVE;
				CLANG_WARN_UNREACHABLE_CODE = YES;
				CLANG_WARN__DUPLICATE_METHOD_MATCH = YES;
				COPY_PHASE_STRIP = NO;
				DEBUG_INFORMATION_FORMAT = "dwarf-with-dsym";
				ENABLE_NS_ASSERTIONS = NO;
				ENABLE_STRICT_OBJC_MSGSEND = YES;
				GCC_C_LANGUAGE_STANDARD = gnu11;
				GCC_NO_COMMON_BLOCKS = YES;
				GCC_WARN_64_TO_32_BIT_CONVERSION = YES;
				GCC_WARN_ABOUT_RETURN_TYPE = YES_ERROR;
				GCC_WARN_UNDECLARED_SELECTOR = YES;
				GCC_WARN_UNINITIALIZED_AUTOS = YES_AGGRESSIVE;
				GCC_WARN_UNUSED_FUNCTION = YES;
				GCC_WARN_UNUSED_VARIABLE = YES;
				IPHONEOS_DEPLOYMENT_TARGET = 15.0;
				MTL_ENABLE_DEBUG_INFO = NO;
				MTL_FAST_MATH = YES;
				SDKROOT = iphoneos;
				SWIFT_COMPILATION_MODE = wholemodule;
				SWIFT_OPTIMIZATION_LEVEL = "-O";
				VALIDATE_PRODUCT = YES;
			};
			name = Release;
		};
		123CA407275FD15500E647C1 /* Debug */ = {
			isa = XCBuildConfiguration;
			buildSettings = {
				ASSETCATALOG_COMPILER_APPICON_NAME = AppIcon;
				ASSETCATALOG_COMPILER_GLOBAL_ACCENT_COLOR_NAME = AccentColor;
				CODE_SIGN_STYLE = Automatic;
				CURRENT_PROJECT_VERSION = 1;
				DEVELOPMENT_TEAM = 77XX2PXRV7;
				GENERATE_INFOPLIST_FILE = YES;
				INFOPLIST_FILE = "client-server-1788/Resources/Info.plist";
				INFOPLIST_KEY_UIApplicationSupportsIndirectInputEvents = YES;
				INFOPLIST_KEY_UILaunchStoryboardName = LaunchScreen;
				INFOPLIST_KEY_UIMainStoryboardFile = Main;
				INFOPLIST_KEY_UISupportedInterfaceOrientations_iPad = "UIInterfaceOrientationPortrait UIInterfaceOrientationPortraitUpsideDown UIInterfaceOrientationLandscapeLeft UIInterfaceOrientationLandscapeRight";
				INFOPLIST_KEY_UISupportedInterfaceOrientations_iPhone = "UIInterfaceOrientationPortrait UIInterfaceOrientationLandscapeLeft UIInterfaceOrientationLandscapeRight";
				LD_RUNPATH_SEARCH_PATHS = (
					"$(inherited)",
					"@executable_path/Frameworks",
				);
				MARKETING_VERSION = 1.0;
				PRODUCT_BUNDLE_IDENTIFIER = "com.arturlector.client-server-1788";
				PRODUCT_NAME = "$(TARGET_NAME)";
				SWIFT_EMIT_LOC_STRINGS = YES;
				SWIFT_VERSION = 5.0;
				TARGETED_DEVICE_FAMILY = "1,2";
			};
			name = Debug;
		};
		123CA408275FD15500E647C1 /* Release */ = {
			isa = XCBuildConfiguration;
			buildSettings = {
				ASSETCATALOG_COMPILER_APPICON_NAME = AppIcon;
				ASSETCATALOG_COMPILER_GLOBAL_ACCENT_COLOR_NAME = AccentColor;
				CODE_SIGN_STYLE = Automatic;
				CURRENT_PROJECT_VERSION = 1;
				DEVELOPMENT_TEAM = 77XX2PXRV7;
				GENERATE_INFOPLIST_FILE = YES;
				INFOPLIST_FILE = "client-server-1788/Resources/Info.plist";
				INFOPLIST_KEY_UIApplicationSupportsIndirectInputEvents = YES;
				INFOPLIST_KEY_UILaunchStoryboardName = LaunchScreen;
				INFOPLIST_KEY_UIMainStoryboardFile = Main;
				INFOPLIST_KEY_UISupportedInterfaceOrientations_iPad = "UIInterfaceOrientationPortrait UIInterfaceOrientationPortraitUpsideDown UIInterfaceOrientationLandscapeLeft UIInterfaceOrientationLandscapeRight";
				INFOPLIST_KEY_UISupportedInterfaceOrientations_iPhone = "UIInterfaceOrientationPortrait UIInterfaceOrientationLandscapeLeft UIInterfaceOrientationLandscapeRight";
				LD_RUNPATH_SEARCH_PATHS = (
					"$(inherited)",
					"@executable_path/Frameworks",
				);
				MARKETING_VERSION = 1.0;
				PRODUCT_BUNDLE_IDENTIFIER = "com.arturlector.client-server-1788";
				PRODUCT_NAME = "$(TARGET_NAME)";
				SWIFT_EMIT_LOC_STRINGS = YES;
				SWIFT_VERSION = 5.0;
				TARGETED_DEVICE_FAMILY = "1,2";
			};
			name = Release;
		};
/* End XCBuildConfiguration section */

/* Begin XCConfigurationList section */
		123CA3ED275FD15300E647C1 /* Build configuration list for PBXProject "client-server-1788" */ = {
			isa = XCConfigurationList;
			buildConfigurations = (
				123CA404275FD15500E647C1 /* Debug */,
				123CA405275FD15500E647C1 /* Release */,
			);
			defaultConfigurationIsVisible = 0;
			defaultConfigurationName = Release;
		};
		123CA406275FD15500E647C1 /* Build configuration list for PBXNativeTarget "client-server-1788" */ = {
			isa = XCConfigurationList;
			buildConfigurations = (
				123CA407275FD15500E647C1 /* Debug */,
				123CA408275FD15500E647C1 /* Release */,
			);
			defaultConfigurationIsVisible = 0;
			defaultConfigurationName = Release;
		};
/* End XCConfigurationList section */
	};
	rootObject = 123CA3EA275FD15300E647C1 /* Project object */;
}
